// !$*UTF8*$!
{
	archiveVersion = 1;
	classes = {
	};
	objectVersion = 46;
	objects = {

/* Begin PBXBuildFile section */
		01328E091C614043007784CA /* binary_search.cpp in Sources */ = {isa = PBXBuildFile; fileRef = 01328E071C614043007784CA /* binary_search.cpp */; };
		01328E0B1C61A166007784CA /* sorting.cpp in Sources */ = {isa = PBXBuildFile; fileRef = 01328E0A1C61A166007784CA /* sorting.cpp */; };
		0161F7911C656FA6006648BE /* dynamic_programming.cpp in Sources */ = {isa = PBXBuildFile; fileRef = 0161F7901C656FA6006648BE /* dynamic_programming.cpp */; };
		017C05351C628F1C009738DF /* linked_list.cpp in Sources */ = {isa = PBXBuildFile; fileRef = 017C05341C628F1C009738DF /* linked_list.cpp */; };
		017C05371C647DDE009738DF /* greedy.cpp in Sources */ = {isa = PBXBuildFile; fileRef = 017C05361C647DDE009738DF /* greedy.cpp */; };
		017FD7FC1C6067F40013F826 /* Tree.cpp in Sources */ = {isa = PBXBuildFile; fileRef = 017FD7FA1C6067F40013F826 /* Tree.cpp */; };
		0186ECC41C69141E000F9927 /* searching.cpp in Sources */ = {isa = PBXBuildFile; fileRef = 0186ECC31C69141E000F9927 /* searching.cpp */; };
		01AD9BA61C5EB4FA009AF0A2 /* main.cpp in Sources */ = {isa = PBXBuildFile; fileRef = 01AD9BA51C5EB4FA009AF0A2 /* main.cpp */; };
		01AD9BAE1C5ED201009AF0A2 /* Graph.cpp in Sources */ = {isa = PBXBuildFile; fileRef = 01AD9BAD1C5ED201009AF0A2 /* Graph.cpp */; };
/* End PBXBuildFile section */

/* Begin PBXCopyFilesBuildPhase section */
		01AD9BA01C5EB4FA009AF0A2 /* CopyFiles */ = {
			isa = PBXCopyFilesBuildPhase;
			buildActionMask = 2147483647;
			dstPath = /usr/share/man/man1/;
			dstSubfolderSpec = 0;
			files = (
			);
			runOnlyForDeploymentPostprocessing = 1;
		};
/* End PBXCopyFilesBuildPhase section */

/* Begin PBXFileReference section */
		01328E071C614043007784CA /* binary_search.cpp */ = {isa = PBXFileReference; fileEncoding = 4; lastKnownFileType = sourcecode.cpp.cpp; path = binary_search.cpp; sourceTree = "<group>"; };
		01328E081C614043007784CA /* binary_search.h */ = {isa = PBXFileReference; fileEncoding = 4; lastKnownFileType = sourcecode.c.h; path = binary_search.h; sourceTree = "<group>"; };
		01328E0A1C61A166007784CA /* sorting.cpp */ = {isa = PBXFileReference; fileEncoding = 4; lastKnownFileType = sourcecode.cpp.cpp; path = sorting.cpp; sourceTree = "<group>"; };
		0161F7901C656FA6006648BE /* dynamic_programming.cpp */ = {isa = PBXFileReference; fileEncoding = 4; lastKnownFileType = sourcecode.cpp.cpp; path = dynamic_programming.cpp; sourceTree = "<group>"; };
		017C05341C628F1C009738DF /* linked_list.cpp */ = {isa = PBXFileReference; fileEncoding = 4; lastKnownFileType = sourcecode.cpp.cpp; path = linked_list.cpp; sourceTree = "<group>"; };
		017C05361C647DDE009738DF /* greedy.cpp */ = {isa = PBXFileReference; fileEncoding = 4; lastKnownFileType = sourcecode.cpp.cpp; path = greedy.cpp; sourceTree = "<group>"; };
		017FD7FA1C6067F40013F826 /* Tree.cpp */ = {isa = PBXFileReference; fileEncoding = 4; lastKnownFileType = sourcecode.cpp.cpp; path = Tree.cpp; sourceTree = "<group>"; };
		017FD7FD1C60684B0013F826 /* Tree.h */ = {isa = PBXFileReference; fileEncoding = 4; lastKnownFileType = sourcecode.c.h; path = Tree.h; sourceTree = "<group>"; };
		0186ECC31C69141E000F9927 /* searching.cpp */ = {isa = PBXFileReference; fileEncoding = 4; lastKnownFileType = sourcecode.cpp.cpp; path = searching.cpp; sourceTree = "<group>"; };
		01AD9BA21C5EB4FA009AF0A2 /* algorithms */ = {isa = PBXFileReference; explicitFileType = "compiled.mach-o.executable"; includeInIndex = 0; path = algorithms; sourceTree = BUILT_PRODUCTS_DIR; };
		01AD9BA51C5EB4FA009AF0A2 /* main.cpp */ = {isa = PBXFileReference; lastKnownFileType = sourcecode.cpp.cpp; path = main.cpp; sourceTree = "<group>"; };
		01AD9BAC1C5EBCA3009AF0A2 /* Graph.h */ = {isa = PBXFileReference; lastKnownFileType = sourcecode.c.h; path = Graph.h; sourceTree = "<group>"; };
		01AD9BAD1C5ED201009AF0A2 /* Graph.cpp */ = {isa = PBXFileReference; fileEncoding = 4; lastKnownFileType = sourcecode.cpp.cpp; path = Graph.cpp; sourceTree = "<group>"; };
/* End PBXFileReference section */

/* Begin PBXFrameworksBuildPhase section */
		01AD9B9F1C5EB4FA009AF0A2 /* Frameworks */ = {
			isa = PBXFrameworksBuildPhase;
			buildActionMask = 2147483647;
			files = (
			);
			runOnlyForDeploymentPostprocessing = 0;
		};
/* End PBXFrameworksBuildPhase section */

/* Begin PBXGroup section */
		01AD9B991C5EB4F9009AF0A2 = {
			isa = PBXGroup;
			children = (
				01AD9BA41C5EB4FA009AF0A2 /* algorithms */,
				01AD9BA31C5EB4FA009AF0A2 /* Products */,
			);
			sourceTree = "<group>";
		};
		01AD9BA31C5EB4FA009AF0A2 /* Products */ = {
			isa = PBXGroup;
			children = (
				01AD9BA21C5EB4FA009AF0A2 /* algorithms */,
			);
			name = Products;
			sourceTree = "<group>";
		};
		01AD9BA41C5EB4FA009AF0A2 /* algorithms */ = {
			isa = PBXGroup;
			children = (
				017FD7FD1C60684B0013F826 /* Tree.h */,
				01AD9BA51C5EB4FA009AF0A2 /* main.cpp */,
				01AD9BAC1C5EBCA3009AF0A2 /* Graph.h */,
				01AD9BAD1C5ED201009AF0A2 /* Graph.cpp */,
				017FD7FA1C6067F40013F826 /* Tree.cpp */,
				01328E071C614043007784CA /* binary_search.cpp */,
				01328E081C614043007784CA /* binary_search.h */,
				01328E0A1C61A166007784CA /* sorting.cpp */,
				017C05341C628F1C009738DF /* linked_list.cpp */,
				017C05361C647DDE009738DF /* greedy.cpp */,
				0161F7901C656FA6006648BE /* dynamic_programming.cpp */,
				0186ECC31C69141E000F9927 /* searching.cpp */,
			);
			path = algorithms;
			sourceTree = "<group>";
		};
/* End PBXGroup section */

/* Begin PBXNativeTarget section */
		01AD9BA11C5EB4FA009AF0A2 /* algorithms */ = {
			isa = PBXNativeTarget;
			buildConfigurationList = 01AD9BA91C5EB4FA009AF0A2 /* Build configuration list for PBXNativeTarget "algorithms" */;
			buildPhases = (
				01AD9B9E1C5EB4FA009AF0A2 /* Sources */,
				01AD9B9F1C5EB4FA009AF0A2 /* Frameworks */,
				01AD9BA01C5EB4FA009AF0A2 /* CopyFiles */,
			);
			buildRules = (
			);
			dependencies = (
			);
			name = algorithms;
			productName = algorithms;
			productReference = 01AD9BA21C5EB4FA009AF0A2 /* algorithms */;
			productType = "com.apple.product-type.tool";
		};
/* End PBXNativeTarget section */

/* Begin PBXProject section */
		01AD9B9A1C5EB4F9009AF0A2 /* Project object */ = {
			isa = PBXProject;
			attributes = {
				LastUpgradeCheck = 0720;
				ORGANIZATIONNAME = Nick;
				TargetAttributes = {
					01AD9BA11C5EB4FA009AF0A2 = {
						CreatedOnToolsVersion = 7.2;
					};
				};
			};
			buildConfigurationList = 01AD9B9D1C5EB4F9009AF0A2 /* Build configuration list for PBXProject "algorithms" */;
			compatibilityVersion = "Xcode 3.2";
			developmentRegion = English;
			hasScannedForEncodings = 0;
			knownRegions = (
				en,
			);
			mainGroup = 01AD9B991C5EB4F9009AF0A2;
			productRefGroup = 01AD9BA31C5EB4FA009AF0A2 /* Products */;
			projectDirPath = "";
			projectRoot = "";
			targets = (
				01AD9BA11C5EB4FA009AF0A2 /* algorithms */,
			);
		};
/* End PBXProject section */

/* Begin PBXSourcesBuildPhase section */
		01AD9B9E1C5EB4FA009AF0A2 /* Sources */ = {
			isa = PBXSourcesBuildPhase;
			buildActionMask = 2147483647;
			files = (
				017C05351C628F1C009738DF /* linked_list.cpp in Sources */,
				01328E091C614043007784CA /* binary_search.cpp in Sources */,
				017FD7FC1C6067F40013F826 /* Tree.cpp in Sources */,
				0186ECC41C69141E000F9927 /* searching.cpp in Sources */,
				01AD9BAE1C5ED201009AF0A2 /* Graph.cpp in Sources */,
				01328E0B1C61A166007784CA /* sorting.cpp in Sources */,
				01AD9BA61C5EB4FA009AF0A2 /* main.cpp in Sources */,
				017C05371C647DDE009738DF /* greedy.cpp in Sources */,
				0161F7911C656FA6006648BE /* dynamic_programming.cpp in Sources */,
			);
			runOnlyForDeploymentPostprocessing = 0;
		};
/* End PBXSourcesBuildPhase section */

/* Begin XCBuildConfiguration section */
		01AD9BA71C5EB4FA009AF0A2 /* Debug */ = {
			isa = XCBuildConfiguration;
			buildSettings = {
				ALWAYS_SEARCH_USER_PATHS = NO;
				CLANG_CXX_LANGUAGE_STANDARD = "gnu++0x";
				CLANG_CXX_LIBRARY = "libc++";
				CLANG_ENABLE_MODULES = YES;
				CLANG_ENABLE_OBJC_ARC = YES;
				CLANG_WARN_BOOL_CONVERSION = YES;
				CLANG_WARN_CONSTANT_CONVERSION = YES;
				CLANG_WARN_DIRECT_OBJC_ISA_USAGE = YES_ERROR;
				CLANG_WARN_EMPTY_BODY = YES;
				CLANG_WARN_ENUM_CONVERSION = YES;
				CLANG_WARN_INT_CONVERSION = YES;
				CLANG_WARN_OBJC_ROOT_CLASS = YES_ERROR;
				CLANG_WARN_UNREACHABLE_CODE = YES;
				CLANG_WARN__DUPLICATE_METHOD_MATCH = YES;
				CODE_SIGN_IDENTITY = "-";
				COPY_PHASE_STRIP = NO;
				DEBUG_INFORMATION_FORMAT = dwarf;
				ENABLE_STRICT_OBJC_MSGSEND = YES;
				ENABLE_TESTABILITY = YES;
				GCC_C_LANGUAGE_STANDARD = gnu99;
				GCC_DYNAMIC_NO_PIC = NO;
				GCC_NO_COMMON_BLOCKS = YES;
				GCC_OPTIMIZATION_LEVEL = 0;
				GCC_PREPROCESSOR_DEFINITIONS = (
					"DEBUG=1",
					"$(inherited)",
				);
				GCC_WARN_64_TO_32_BIT_CONVERSION = YES;
				GCC_WARN_ABOUT_RETURN_TYPE = YES_ERROR;
				GCC_WARN_UNDECLARED_SELECTOR = YES;
				GCC_WARN_UNINITIALIZED_AUTOS = YES_AGGRESSIVE;
				GCC_WARN_UNUSED_FUNCTION = YES;
				GCC_WARN_UNUSED_VARIABLE = YES;
				MACOSX_DEPLOYMENT_TARGET = 10.11;
				MTL_ENABLE_DEBUG_INFO = YES;
				ONLY_ACTIVE_ARCH = YES;
				SDKROOT = macosx;
			};
			name = Debug;
		};
		01AD9BA81C5EB4FA009AF0A2 /* Release */ = {
			isa = XCBuildConfiguration;
			buildSettings = {
				ALWAYS_SEARCH_USER_PATHS = NO;
				CLANG_CXX_LANGUAGE_STANDARD = "gnu++0x";
				CLANG_CXX_LIBRARY = "libc++";
				CLANG_ENABLE_MODULES = YES;
				CLANG_ENABLE_OBJC_ARC = YES;
				CLANG_WARN_BOOL_CONVERSION = YES;
				CLANG_WARN_CONSTANT_CONVERSION = YES;
				CLANG_WARN_DIRECT_OBJC_ISA_USAGE = YES_ERROR;
				CLANG_WARN_EMPTY_BODY = YES;
				CLANG_WARN_ENUM_CONVERSION = YES;
				CLANG_WARN_INT_CONVERSION = YES;
				CLANG_WARN_OBJC_ROOT_CLASS = YES_ERROR;
				CLANG_WARN_UNREACHABLE_CODE = YES;
				CLANG_WARN__DUPLICATE_METHOD_MATCH = YES;
				CODE_SIGN_IDENTITY = "-";
				COPY_PHASE_STRIP = NO;
				DEBUG_INFORMATION_FORMAT = "dwarf-with-dsym";
				ENABLE_NS_ASSERTIONS = NO;
				ENABLE_STRICT_OBJC_MSGSEND = YES;
				GCC_C_LANGUAGE_STANDARD = gnu99;
				GCC_NO_COMMON_BLOCKS = YES;
				GCC_WARN_64_TO_32_BIT_CONVERSION = YES;
				GCC_WARN_ABOUT_RETURN_TYPE = YES_ERROR;
				GCC_WARN_UNDECLARED_SELECTOR = YES;
				GCC_WARN_UNINITIALIZED_AUTOS = YES_AGGRESSIVE;
				GCC_WARN_UNUSED_FUNCTION = YES;
				GCC_WARN_UNUSED_VARIABLE = YES;
				MACOSX_DEPLOYMENT_TARGET = 10.11;
				MTL_ENABLE_DEBUG_INFO = NO;
				SDKROOT = macosx;
			};
			name = Release;
		};
		01AD9BAA1C5EB4FA009AF0A2 /* Debug */ = {
			isa = XCBuildConfiguration;
			buildSettings = {
				PRODUCT_NAME = "$(TARGET_NAME)";
			};
			name = Debug;
		};
		01AD9BAB1C5EB4FA009AF0A2 /* Release */ = {
			isa = XCBuildConfiguration;
			buildSettings = {
				PRODUCT_NAME = "$(TARGET_NAME)";
			};
			name = Release;
		};
/* End XCBuildConfiguration section */

/* Begin XCConfigurationList section */
		01AD9B9D1C5EB4F9009AF0A2 /* Build configuration list for PBXProject "algorithms" */ = {
			isa = XCConfigurationList;
			buildConfigurations = (
				01AD9BA71C5EB4FA009AF0A2 /* Debug */,
				01AD9BA81C5EB4FA009AF0A2 /* Release */,
			);
			defaultConfigurationIsVisible = 0;
			defaultConfigurationName = Release;
		};
		01AD9BA91C5EB4FA009AF0A2 /* Build configuration list for PBXNativeTarget "algorithms" */ = {
			isa = XCConfigurationList;
			buildConfigurations = (
				01AD9BAA1C5EB4FA009AF0A2 /* Debug */,
				01AD9BAB1C5EB4FA009AF0A2 /* Release */,
			);
			defaultConfigurationIsVisible = 0;
			defaultConfigurationName = Release;
		};
/* End XCConfigurationList section */
	};
	rootObject = 01AD9B9A1C5EB4F9009AF0A2 /* Project object */;
}
